{
    "_readme": [
        "This file locks the dependencies of your project to a known state",
        "Read more about it at https://getcomposer.org/doc/01-basic-usage.md#installing-dependencies",
        "This file is @generated automatically"
    ],
    "content-hash": "9e6af38faf917142c179831f0bc38ddc",
    "packages": [
        {
            "name": "genkgo/php-asn1",
            "version": "v2.6.1",
            "source": {
                "type": "git",
                "url": "https://github.com/genkgo/php-asn1.git",
                "reference": "7f5e0df1c8db0f40840b8f1ec910d42e982a53bd"
            },
            "dist": {
                "type": "zip",
                "url": "https://api.github.com/repos/genkgo/php-asn1/zipball/7f5e0df1c8db0f40840b8f1ec910d42e982a53bd",
                "reference": "7f5e0df1c8db0f40840b8f1ec910d42e982a53bd",
                "shasum": ""
            },
            "require": {
                "php": "~8.0.0 || ~8.1.0 || ~8.2.0"
            },
            "require-dev": {
                "php-coveralls/php-coveralls": "~2.0",
                "phpunit/phpunit": "^9.0"
            },
            "suggest": {
                "ext-bcmath": "BCmath is the fallback extension for big integer calculations",
                "ext-curl": "For loading OID information from the web if they have not bee defined statically",
                "ext-gmp": "GMP is the preferred extension for big integer calculations",
                "phpseclib/bcmath_compat": "BCmath polyfill for servers where neither GMP nor BCmath is available"
            },
            "type": "library",
            "extra": {
                "branch-alias": {
                    "dev-master": "2.0.x-dev"
                }
            },
            "autoload": {
                "psr-4": {
                    "FG\\": "lib/"
                }
            },
            "notification-url": "https://packagist.org/downloads/",
            "license": [
                "MIT"
            ],
            "authors": [
                {
                    "name": "Frederik Bosch",
                    "email": "f.bosch@genkgo.nl",
                    "role": "Author"
                },
                {
                    "name": "Friedrich Große",
                    "email": "friedrich.grosse@gmail.com",
                    "homepage": "https://github.com/FGrosse",
                    "role": "Author"
                },
                {
                    "name": "All contributors",
                    "homepage": "https://github.com/genkgo/php-asn1/contributors"
                }
            ],
            "description": "A PHP Framework that allows you to encode and decode arbitrary ASN.1 structures using the ITU-T X.690 Encoding Rules.",
            "homepage": "https://github.com/FGrosse/PHPASN1",
            "keywords": [
                "DER",
                "asn.1",
                "asn1",
                "ber",
                "binary",
                "decoding",
                "encoding",
                "x.509",
                "x.690",
                "x509",
                "x690"
            ],
            "support": {
                "issues": "https://github.com/genkgo/php-asn1/issues",
                "source": "https://github.com/genkgo/php-asn1/tree/v2.6.1"
            },
            "time": "2024-04-29T16:03:48+00:00"
        },
        {
            "name": "lpilp/guomi",
            "version": "v2.0.0",
            "source": {
                "type": "git",
                "url": "https://github.com/lpilp/phpsm2sm3sm4.git",
                "reference": "cca566775f5c60298cb7bf360dde08f4d9fc77ec"
            },
            "dist": {
                "type": "zip",
                "url": "https://api.github.com/repos/lpilp/phpsm2sm3sm4/zipball/cca566775f5c60298cb7bf360dde08f4d9fc77ec",
                "reference": "cca566775f5c60298cb7bf360dde08f4d9fc77ec",
                "shasum": ""
            },
            "require": {
                "paragonie/ecc": "^2.0",
                "php": ">=7.2"
            },
            "type": "library",
            "autoload": {
                "files": [
                    "src/overwrite.php"
                ],
                "psr-4": {
                    "Rtgm\\": "src"
                }
            },
            "notification-url": "https://packagist.org/downloads/",
            "license": [
                "MIT"
            ],
            "authors": [
                {
                    "name": "recent"
                }
            ],
            "description": "国密sm2",
            "support": {
                "issues": "https://github.com/lpilp/phpsm2sm3sm4/issues",
                "source": "https://github.com/lpilp/phpsm2sm3sm4/tree/v2.0.0"
            },
            "time": "2024-09-24T11:05:13+00:00"
        },
        {
            "name": "paragonie/ecc",
            "version": "v2.5.0",
            "source": {
                "type": "git",
                "url": "https://github.com/paragonie/phpecc.git",
                "reference": "d25bd2aab9b1205db1cf3aa3e83531d4549377bf"
            },
            "dist": {
                "type": "zip",
                "url": "https://api.github.com/repos/paragonie/phpecc/zipball/d25bd2aab9b1205db1cf3aa3e83531d4549377bf",
                "reference": "d25bd2aab9b1205db1cf3aa3e83531d4549377bf",
                "shasum": ""
            },
            "require": {
                "ext-gmp": "*",
                "genkgo/php-asn1": "^2",
                "paragonie/sodium_compat": "^1|^2",
                "php": "^7.1||^8.0"
            },
            "require-dev": {
                "bitcoin/bips": "dev-master",
                "c2sp/wycheproof": "dev-master",
                "ext-json": "*",
                "phpunit/phpunit": "^6|^7|^8|^9",
                "squizlabs/php_codesniffer": "^2|^3",
                "symfony/yaml": "^2.6|^3.0|^4|^5|^6|^7",
                "vimeo/psalm": "^2|^3|^4|^5|^6"
            },
            "suggest": {
                "ext-openssl": "(PHP 8.1, OpenSSL 3+) Improved performance, less worries about side-channels"
            },
            "type": "library",
            "autoload": {
                "psr-4": {
                    "Mdanter\\Ecc\\": "src/"
                }
            },
            "notification-url": "https://packagist.org/downloads/",
            "license": [
                "MIT"
            ],
            "authors": [
                {
                    "name": "Paragon Initiative Enterprises",
                    "email": "security@paragonie.com",
                    "homepage": "https://paragonie.com",
                    "role": "New Maintainer"
                },
                {
                    "name": "Matyas Danter",
                    "homepage": "http://matejdanter.com/",
                    "role": "Previous Author"
                },
                {
                    "name": "Thibaud Fabre",
                    "email": "thibaud@aztech.io",
                    "homepage": "http://aztech.io",
                    "role": "Previous Maintainer"
                },
                {
                    "name": "Thomas Kerin",
                    "email": "afk11@users.noreply.github.com",
                    "role": "Previous Maintainer"
                }
            ],
            "description": "PHP Elliptic Curve Cryptography library",
            "homepage": "https://github.com/phpecc/phpecc",
            "keywords": [
                "Diffie",
                "ECDSA",
                "Hellman",
                "curve",
                "ecdh",
                "elliptic",
                "nistp192",
                "nistp224",
                "nistp256",
                "nistp384",
                "nistp521",
                "phpecc",
                "secp256k1",
                "secp256r1"
            ],
            "support": {
                "issues": "https://github.com/paragonie/phpecc/issues",
                "source": "https://github.com/paragonie/phpecc/tree/v2.5.0"
            },
            "time": "2025-07-19T01:25:49+00:00"
        },
        {
            "name": "paragonie/random_compat",
            "version": "dev-master",
            "source": {
                "type": "git",
                "url": "https://github.com/paragonie/random_compat.git",
                "reference": "bf95de2af7feb426f91eee6c66d6ad8661c38e29"
            },
            "dist": {
                "type": "zip",
                "url": "https://api.github.com/repos/paragonie/random_compat/zipball/bf95de2af7feb426f91eee6c66d6ad8661c38e29",
                "reference": "bf95de2af7feb426f91eee6c66d6ad8661c38e29",
                "shasum": ""
            },
            "require": {
                "php": ">=5.2.0"
            },
            "require-dev": {
                "phpunit/phpunit": "*"
            },
            "suggest": {
                "ext-libsodium": "Provides a modern crypto API that can be used to generate random bytes."
            },
            "default-branch": true,
            "type": "library",
            "autoload": {
                "files": [
                    "lib/random.php"
                ]
            },
            "notification-url": "https://packagist.org/downloads/",
            "license": [
                "MIT"
            ],
            "authors": [
                {
                    "name": "Paragon Initiative Enterprises",
                    "email": "security@paragonie.com",
                    "homepage": "https://paragonie.com"
                }
            ],
            "description": "PHP 5.x polyfill for random_bytes() and random_int() from PHP 7",
            "keywords": [
                "csprng",
                "polyfill",
                "pseudorandom",
                "random"
            ],
            "support": {
                "email": "info@paragonie.com",
                "issues": "https://github.com/paragonie/random_compat/issues",
                "source": "https://github.com/paragonie/random_compat"
            },
            "time": "2024-09-10T09:24:43+00:00"
        },
        {
            "name": "paragonie/sodium_compat",
            "version": "v1.x-dev",
            "source": {
                "type": "git",
                "url": "https://github.com/paragonie/sodium_compat.git",
                "reference": "b938a5c6844d222a26d46a6c7b80291e4cd8cfab"
            },
            "dist": {
                "type": "zip",
                "url": "https://api.github.com/repos/paragonie/sodium_compat/zipball/b938a5c6844d222a26d46a6c7b80291e4cd8cfab",
                "reference": "b938a5c6844d222a26d46a6c7b80291e4cd8cfab",
                "shasum": ""
            },
            "require": {
                "paragonie/random_compat": ">=1",
                "php": "^5.2.4|^5.3|^5.4|^5.5|^5.6|^7|^8"
            },
            "require-dev": {
                "phpunit/phpunit": "^3|^4|^5|^6|^7|^8|^9"
            },
            "suggest": {
                "ext-libsodium": "PHP < 7.0: Better performance, password hashing (Argon2i), secure memory management (memzero), and better security.",
                "ext-sodium": "PHP >= 7.0: Better performance, password hashing (Argon2i), secure memory management (memzero), and better security."
            },
            "type": "library",
            "autoload": {
                "files": [
                    "autoload.php"
                ]
            },
            "notification-url": "https://packagist.org/downloads/",
            "license": [
                "ISC"
            ],
            "authors": [
                {
                    "name": "Paragon Initiative Enterprises",
                    "email": "security@paragonie.com"
                },
                {
                    "name": "Frank Denis",
                    "email": "jedisct1@pureftpd.org"
                }
            ],
            "description": "Pure PHP implementation of libsodium; uses the PHP extension if it exists",
            "keywords": [
                "Authentication",
                "BLAKE2b",
                "ChaCha20",
                "ChaCha20-Poly1305",
                "Chapoly",
                "Curve25519",
                "Ed25519",
                "EdDSA",
                "Edwards-curve Digital Signature Algorithm",
                "Elliptic Curve Diffie-Hellman",
                "Poly1305",
                "Pure-PHP cryptography",
                "RFC 7748",
                "RFC 8032",
                "Salpoly",
                "Salsa20",
                "X25519",
                "XChaCha20-Poly1305",
                "XSalsa20-Poly1305",
                "Xchacha20",
                "Xsalsa20",
                "aead",
                "cryptography",
                "ecdh",
                "elliptic curve",
                "elliptic curve cryptography",
                "encryption",
                "libsodium",
                "php",
                "public-key cryptography",
                "secret-key cryptography",
                "side-channel resistant"
            ],
            "support": {
                "issues": "https://github.com/paragonie/sodium_compat/issues",
                "source": "https://github.com/paragonie/sodium_compat/tree/v1.x"
            },
            "time": "2025-10-06T08:53:07+00:00"
        },
        {
            "name": "tecnickcom/tcpdf",
            "version": "6.10.1",
            "source": {
                "type": "git",
                "url": "https://github.com/tecnickcom/TCPDF.git",
                "reference": "7a2701251e5d52fc3d508fd71704683eb54f5939"
            },
            "dist": {
                "type": "zip",
                "url": "https://api.github.com/repos/tecnickcom/TCPDF/zipball/7a2701251e5d52fc3d508fd71704683eb54f5939",
                "reference": "7a2701251e5d52fc3d508fd71704683eb54f5939",
                "shasum": ""
            },
            "require": {
                "ext-curl": "*",
                "php": ">=7.1.0"
            },
            "type": "library",
            "autoload": {
                "classmap": [
                    "config",
                    "include",
                    "tcpdf.php",
                    "tcpdf_barcodes_1d.php",
                    "tcpdf_barcodes_2d.php",
                    "include/tcpdf_colors.php",
                    "include/tcpdf_filters.php",
                    "include/tcpdf_font_data.php",
                    "include/tcpdf_fonts.php",
                    "include/tcpdf_images.php",
                    "include/tcpdf_static.php",
                    "include/barcodes/datamatrix.php",
                    "include/barcodes/pdf417.php",
                    "include/barcodes/qrcode.php"
                ]
            },
            "notification-url": "https://packagist.org/downloads/",
            "license": [
                "LGPL-3.0-or-later"
            ],
            "authors": [
                {
                    "name": "Nicola Asuni",
                    "email": "info@tecnick.com",
                    "role": "lead"
                }
            ],
            "description": "TCPDF is a PHP class for generating PDF documents and barcodes.",
            "homepage": "http://www.tcpdf.org/",
            "keywords": [
                "PDFD32000-2008",
                "TCPDF",
                "barcodes",
                "datamatrix",
                "pdf",
                "pdf417",
                "qrcode"
            ],
            "support": {
                "issues": "https://github.com/tecnickcom/TCPDF/issues",
                "source": "https://github.com/tecnickcom/TCPDF/tree/6.10.1"
            },
            "funding": [
                {
                    "url": "https://www.paypal.com/donate/?hosted_button_id=NZUEC5XS8MFBJ",
                    "type": "custom"
                }
            ],
            "time": "2025-11-21T10:58:21+00:00"
        }
    ],
    "packages-dev": [],
    "aliases": [],
    "minimum-stability": "dev",
    "stability-flags": [],
    "prefer-stable": false,
    "prefer-lowest": false,
    "platform": {
        "php": ">=7.1.0"
    },
    "platform-dev": [],
    "plugin-api-version": "2.3.0"
}
